
Microsoft Visual Studio Solution File, Format Version 12.00
# Visual Studio Version 16
VisualStudioVersion = 16.0.810.16
MinimumVisualStudioVersion = 10.0.40219.1
Project("{FAE04EC0-301F-11D3-BF4B-00C04F79EFBC}") = "ISM6225_Assignment_2_Spring_2022", "ISM6225_Assignment_2_Spring_2022\ISM6225_Assignment_2_Spring_2022.csproj", "{42B882C8-105F-4D4D-A4B1-59875F25BF5D}"
EndProject
Global
	GlobalSection(SolutionConfigurationPlatforms) = preSolution
		Debug|Any CPU = Debug|Any CPU
		Release|Any CPU = Release|Any CPU
	EndGlobalSection
	GlobalSection(ProjectConfigurationPlatforms) = postSolution
		{42B882C8-105F-4D4D-A4B1-59875F25BF5D}.Debug|Any CPU.ActiveCfg = Debug|Any CPU
		{42B882C8-105F-4D4D-A4B1-59875F25BF5D}.Debug|Any CPU.Build.0 = Debug|Any CPU
		{42B882C8-105F-4D4D-A4B1-59875F25BF5D}.Release|Any CPU.ActiveCfg = Release|Any CPU
		{42B882C8-105F-4D4D-A4B1-59875F25BF5D}.Release|Any CPU.Build.0 = Release|Any CPU
	EndGlobalSection
	GlobalSection(SolutionProperties) = preSolution
		HideSolutionNode = FALSE
	EndGlobalSection
	GlobalSection(ExtensibilityGlobals) = postSolution
		SolutionGuid = {49983DF5-8B17-460B-83C0-8929504CBC59}
	EndGlobalSection
EndGlobal
